
Microsoft Visual Studio Solution File, Format Version 12.00
# Visual Studio Version 17
VisualStudioVersion = 17.10.35027.167
MinimumVisualStudioVersion = 10.0.40219.1
Project("{FAE04EC0-301F-11D3-BF4B-00C04F79EFBC}") = "Chinchilla Running", "Chinchilla Running\Chinchilla Running.csproj", "{967B2E36-0EB5-480C-A097-37FE56A6E4D7}"
EndProject
Global
	GlobalSection(SolutionConfigurationPlatforms) = preSolution
		Debug|Any CPU = Debug|Any CPU
		Release|Any CPU = Release|Any CPU
	EndGlobalSection
	GlobalSection(ProjectConfigurationPlatforms) = postSolution
		{967B2E36-0EB5-480C-A097-37FE56A6E4D7}.Debug|Any CPU.ActiveCfg = Debug|Any CPU
		{967B2E36-0EB5-480C-A097-37FE56A6E4D7}.Debug|Any CPU.Build.0 = Debug|Any CPU
		{967B2E36-0EB5-480C-A097-37FE56A6E4D7}.Release|Any CPU.ActiveCfg = Release|Any CPU
		{967B2E36-0EB5-480C-A097-37FE56A6E4D7}.Release|Any CPU.Build.0 = Release|Any CPU
	EndGlobalSection
	GlobalSection(SolutionProperties) = preSolution
		HideSolutionNode = FALSE
	EndGlobalSection
	GlobalSection(ExtensibilityGlobals) = postSolution
		SolutionGuid = {6B2310E9-2216-4CA9-A186-1E895633569D}
	EndGlobalSection
EndGlobal
